
Microsoft Visual Studio Solution File, Format Version 12.00
# Visual Studio Version 16
VisualStudioVersion = 16.0.30225.117
MinimumVisualStudioVersion = 10.0.40219.1
Project("{FAE04EC0-301F-11D3-BF4B-00C04F79EFBC}") = "fortnite-project", "fortnite-project.csproj", "{C74E4FE2-C1D0-4035-84B9-A987B656D5C4}"
EndProject
Global
	GlobalSection(SolutionConfigurationPlatforms) = preSolution
		Debug|Any CPU = Debug|Any CPU
		Release|Any CPU = Release|Any CPU
	EndGlobalSection
	GlobalSection(ProjectConfigurationPlatforms) = postSolution
		{C74E4FE2-C1D0-4035-84B9-A987B656D5C4}.Debug|Any CPU.ActiveCfg = Debug|Any CPU
		{C74E4FE2-C1D0-4035-84B9-A987B656D5C4}.Debug|Any CPU.Build.0 = Debug|Any CPU
		{C74E4FE2-C1D0-4035-84B9-A987B656D5C4}.Release|Any CPU.ActiveCfg = Release|Any CPU
		{C74E4FE2-C1D0-4035-84B9-A987B656D5C4}.Release|Any CPU.Build.0 = Release|Any CPU
	EndGlobalSection
	GlobalSection(SolutionProperties) = preSolution
		HideSolutionNode = FALSE
	EndGlobalSection
	GlobalSection(ExtensibilityGlobals) = postSolution
		SolutionGuid = {8516ED72-5A18-4B2F-A683-091A7C338ADE}
	EndGlobalSection
EndGlobal
