
Microsoft Visual Studio Solution File, Format Version 12.00
# Visual Studio Version 16
VisualStudioVersion = 16.0.29519.181
MinimumVisualStudioVersion = 10.0.40219.1
Project("{FAE04EC0-301F-11D3-BF4B-00C04F79EFBC}") = "Final2", "Final2.csproj", "{5B39A6B0-E368-42D9-9B38-A9E33786790B}"
EndProject
Global
	GlobalSection(SolutionConfigurationPlatforms) = preSolution
		Debug|Any CPU = Debug|Any CPU
		Release|Any CPU = Release|Any CPU
	EndGlobalSection
	GlobalSection(ProjectConfigurationPlatforms) = postSolution
		{5B39A6B0-E368-42D9-9B38-A9E33786790B}.Debug|Any CPU.ActiveCfg = Debug|Any CPU
		{5B39A6B0-E368-42D9-9B38-A9E33786790B}.Debug|Any CPU.Build.0 = Debug|Any CPU
		{5B39A6B0-E368-42D9-9B38-A9E33786790B}.Release|Any CPU.ActiveCfg = Release|Any CPU
		{5B39A6B0-E368-42D9-9B38-A9E33786790B}.Release|Any CPU.Build.0 = Release|Any CPU
	EndGlobalSection
	GlobalSection(SolutionProperties) = preSolution
		HideSolutionNode = FALSE
	EndGlobalSection
	GlobalSection(ExtensibilityGlobals) = postSolution
		SolutionGuid = {DCCD90F7-FCD1-4361-A3B5-63E33080EC06}
	EndGlobalSection
EndGlobal
